# THIS IS AN AUTOGENERATED FILE. DO NOT EDIT THIS FILE DIRECTLY.
# yarn lockfile v1


iina-plugin-definition@^0.0.4:
  version "0.0.4"
  resolved "https://registry.yarnpkg.com/iina-plugin-definition/-/iina-plugin-definition-0.0.4.tgz#d7a034d4e7b0be31ef7b816368691d901cfee720"
  integrity sha512-Xbgnzd+I7jkLZAdcsWcB3hJxnklvV5EGLZOEcuPOwE+ooO7s12yp0zO+MfJ87NIPAsLL1vWWh/IKrYaj2q4U2A==
